
Microsoft Visual Studio Solution File, Format Version 12.00
# Visual Studio Version 16
VisualStudioVersion = 16.0.31205.134
MinimumVisualStudioVersion = 10.0.40219.1
Project("{9A19103F-16F7-4668-BE54-9A1E7A4F7556}") = "Generator", "Generator\Generator.csproj", "{9BC1FE69-D0EA-497D-9052-A36ECD08C3F4}"
EndProject
Project("{9A19103F-16F7-4668-BE54-9A1E7A4F7556}") = "Test", "Test\Test.csproj", "{08D56147-E466-496D-8EB2-5ED464CD9401}"
EndProject
Project("{FAE04EC0-301F-11D3-BF4B-00C04F79EFBC}") = "Tidbits", "Tidbits\Tidbits.csproj", "{2AA8BDA1-7CA4-449D-BC59-02831E6F6BD1}"
EndProject
Global
	GlobalSection(SolutionConfigurationPlatforms) = preSolution
		Debug|Any CPU = Debug|Any CPU
		Release|Any CPU = Release|Any CPU
	EndGlobalSection
	GlobalSection(ProjectConfigurationPlatforms) = postSolution
		{9BC1FE69-D0EA-497D-9052-A36ECD08C3F4}.Debug|Any CPU.ActiveCfg = Debug|Any CPU
		{9BC1FE69-D0EA-497D-9052-A36ECD08C3F4}.Debug|Any CPU.Build.0 = Debug|Any CPU
		{9BC1FE69-D0EA-497D-9052-A36ECD08C3F4}.Release|Any CPU.ActiveCfg = Release|Any CPU
		{9BC1FE69-D0EA-497D-9052-A36ECD08C3F4}.Release|Any CPU.Build.0 = Release|Any CPU
		{08D56147-E466-496D-8EB2-5ED464CD9401}.Debug|Any CPU.ActiveCfg = Debug|Any CPU
		{08D56147-E466-496D-8EB2-5ED464CD9401}.Debug|Any CPU.Build.0 = Debug|Any CPU
		{08D56147-E466-496D-8EB2-5ED464CD9401}.Release|Any CPU.ActiveCfg = Release|Any CPU
		{08D56147-E466-496D-8EB2-5ED464CD9401}.Release|Any CPU.Build.0 = Release|Any CPU
		{2AA8BDA1-7CA4-449D-BC59-02831E6F6BD1}.Debug|Any CPU.ActiveCfg = Debug|Any CPU
		{2AA8BDA1-7CA4-449D-BC59-02831E6F6BD1}.Debug|Any CPU.Build.0 = Debug|Any CPU
		{2AA8BDA1-7CA4-449D-BC59-02831E6F6BD1}.Release|Any CPU.ActiveCfg = Release|Any CPU
		{2AA8BDA1-7CA4-449D-BC59-02831E6F6BD1}.Release|Any CPU.Build.0 = Release|Any CPU
	EndGlobalSection
	GlobalSection(SolutionProperties) = preSolution
		HideSolutionNode = FALSE
	EndGlobalSection
	GlobalSection(ExtensibilityGlobals) = postSolution
		SolutionGuid = {77F6F790-2A0A-483E-A96A-03D2F47AADBB}
	EndGlobalSection
EndGlobal
